
Microsoft Visual Studio Solution File, Format Version 12.00
# Visual Studio Version 17
VisualStudioVersion = 17.7.34031.279
MinimumVisualStudioVersion = 10.0.40219.1
Project("{FAE04EC0-301F-11D3-BF4B-00C04F79EFBC}") = "CapaPresentacion", "CambioHuarcaya\CapaPresentacion.csproj", "{EB212708-1DB2-4F1E-9B09-421551DF55D2}"
EndProject
Project("{FAE04EC0-301F-11D3-BF4B-00C04F79EFBC}") = "CapaDatos", "CapaDatos\CapaDatos.csproj", "{A689AAE3-4EFE-4CF7-ADC6-E84750F52BFE}"
EndProject
Project("{FAE04EC0-301F-11D3-BF4B-00C04F79EFBC}") = "CapaEntidad", "CapaEntidad\CapaEntidad.csproj", "{454C46DD-0104-4C10-8B04-E93983D8D001}"
EndProject
Project("{FAE04EC0-301F-11D3-BF4B-00C04F79EFBC}") = "CapaNegocio", "CapaNegocio\CapaNegocio.csproj", "{79396C3F-0C1F-4531-A86C-BAB9AF87A25D}"
EndProject
Global
	GlobalSection(SolutionConfigurationPlatforms) = preSolution
		Debug|Any CPU = Debug|Any CPU
		Release|Any CPU = Release|Any CPU
	EndGlobalSection
	GlobalSection(ProjectConfigurationPlatforms) = postSolution
		{EB212708-1DB2-4F1E-9B09-421551DF55D2}.Debug|Any CPU.ActiveCfg = Debug|Any CPU
		{EB212708-1DB2-4F1E-9B09-421551DF55D2}.Debug|Any CPU.Build.0 = Debug|Any CPU
		{EB212708-1DB2-4F1E-9B09-421551DF55D2}.Release|Any CPU.ActiveCfg = Release|Any CPU
		{EB212708-1DB2-4F1E-9B09-421551DF55D2}.Release|Any CPU.Build.0 = Release|Any CPU
		{A689AAE3-4EFE-4CF7-ADC6-E84750F52BFE}.Debug|Any CPU.ActiveCfg = Debug|Any CPU
		{A689AAE3-4EFE-4CF7-ADC6-E84750F52BFE}.Debug|Any CPU.Build.0 = Debug|Any CPU
		{A689AAE3-4EFE-4CF7-ADC6-E84750F52BFE}.Release|Any CPU.ActiveCfg = Release|Any CPU
		{A689AAE3-4EFE-4CF7-ADC6-E84750F52BFE}.Release|Any CPU.Build.0 = Release|Any CPU
		{454C46DD-0104-4C10-8B04-E93983D8D001}.Debug|Any CPU.ActiveCfg = Debug|Any CPU
		{454C46DD-0104-4C10-8B04-E93983D8D001}.Debug|Any CPU.Build.0 = Debug|Any CPU
		{454C46DD-0104-4C10-8B04-E93983D8D001}.Release|Any CPU.ActiveCfg = Release|Any CPU
		{454C46DD-0104-4C10-8B04-E93983D8D001}.Release|Any CPU.Build.0 = Release|Any CPU
		{79396C3F-0C1F-4531-A86C-BAB9AF87A25D}.Debug|Any CPU.ActiveCfg = Debug|Any CPU
		{79396C3F-0C1F-4531-A86C-BAB9AF87A25D}.Debug|Any CPU.Build.0 = Debug|Any CPU
		{79396C3F-0C1F-4531-A86C-BAB9AF87A25D}.Release|Any CPU.ActiveCfg = Release|Any CPU
		{79396C3F-0C1F-4531-A86C-BAB9AF87A25D}.Release|Any CPU.Build.0 = Release|Any CPU
	EndGlobalSection
	GlobalSection(SolutionProperties) = preSolution
		HideSolutionNode = FALSE
	EndGlobalSection
	GlobalSection(ExtensibilityGlobals) = postSolution
		SolutionGuid = {885275FE-9750-4D1B-8521-38B735A42741}
	EndGlobalSection
EndGlobal
